
Microsoft Visual Studio Solution File, Format Version 12.00
# Visual Studio Version 17
VisualStudioVersion = 17.11.35327.3
MinimumVisualStudioVersion = 10.0.40219.1
Project("{FAE04EC0-301F-11D3-BF4B-00C04F79EFBC}") = "POOventas1", "POOventas1\POOventas1.csproj", "{FF52B6F1-8429-4ACD-A82D-63BB1072B6CB}"
EndProject
Global
	GlobalSection(SolutionConfigurationPlatforms) = preSolution
		Debug|Any CPU = Debug|Any CPU
		Release|Any CPU = Release|Any CPU
	EndGlobalSection
	GlobalSection(ProjectConfigurationPlatforms) = postSolution
		{FF52B6F1-8429-4ACD-A82D-63BB1072B6CB}.Debug|Any CPU.ActiveCfg = Debug|Any CPU
		{FF52B6F1-8429-4ACD-A82D-63BB1072B6CB}.Debug|Any CPU.Build.0 = Debug|Any CPU
		{FF52B6F1-8429-4ACD-A82D-63BB1072B6CB}.Release|Any CPU.ActiveCfg = Release|Any CPU
		{FF52B6F1-8429-4ACD-A82D-63BB1072B6CB}.Release|Any CPU.Build.0 = Release|Any CPU
	EndGlobalSection
	GlobalSection(SolutionProperties) = preSolution
		HideSolutionNode = FALSE
	EndGlobalSection
	GlobalSection(ExtensibilityGlobals) = postSolution
		SolutionGuid = {C35D1317-A7CB-4489-AF60-6BAD3814A5F2}
	EndGlobalSection
EndGlobal
